{
  "name": "wistoria-app-training",
  "version": "1.0.0",
  "lockfileVersion": 3,
  "requires": true,
  "packages": {
    "": {
      "name": "wistoria-app-training",
      "version": "1.0.0",
      "dependencies": {
        "geolib": "^3.3.14",
        "kalmanjs": "^1.1.0",
        "leaflet-gpx": "^2.2.0",
        "simplify-js": "^1.2.4"
      }
    },
    "node_modules/geolib": {
      "version": "3.3.14",
      "resolved": "https://registry.npmjs.org/geolib/-/geolib-3.3.14.tgz",
      "integrity": "sha512-uQ1772h3OjhWvL/HhSRZTMjBKIKoc4wFksLDqzqOkuG/2TgBbTwFamU0Disx3sNFk/BOweHyhKoVaYDuLIpsxQ==",
      "license": "MIT"
    },
    "node_modules/kalmanjs": {
      "version": "1.1.0",
      "resolved": "https://registry.npmjs.org/kalmanjs/-/kalmanjs-1.1.0.tgz",
      "integrity": "sha512-Gkm2DAKIX8geuDcEJ92e80EmQ6TyIzWBJk6AFk+aDLofQ4G/KoDe1RCY9WMuXFe0NQxsTi7HYh9BVQneOtlvkg==",
      "license": "MIT"
    },
    "node_modules/leaflet-gpx": {
      "version": "2.2.0",
      "resolved": "https://registry.npmjs.org/leaflet-gpx/-/leaflet-gpx-2.2.0.tgz",
      "integrity": "sha512-iVUx6o0ydLn2ikYSVLuWnr0k/CDAOIUtmvQ91AI24/PXuIFIb+iEIJMHTQfvGhMCKcFrwd9ZaFYH7P/46tgGhw==",
      "license": "BSD-2-Clause"
    },
    "node_modules/simplify-js": {
      "version": "1.2.4",
      "resolved": "https://registry.npmjs.org/simplify-js/-/simplify-js-1.2.4.tgz",
      "integrity": "sha512-vITfSlwt7h/oyrU42R83mtzFpwYk3+mkH9bOHqq/Qw6n8rtR7aE3NZQ5fbcyCUVVmuMJR6ynsAhOfK2qoah8Jg==",
      "license": "BSD-2-Clause"
    }
  }
}
